
Microsoft Visual Studio Solution File, Format Version 12.00
# Visual Studio Version 17
VisualStudioVersion = 17.14.36623.8
MinimumVisualStudioVersion = 10.0.40219.1
Project("{FAE04EC0-301F-11D3-BF4B-00C04F79EFBC}") = "AdventOfCode2025", "AdventOfCode2025\AdventOfCode2025.csproj", "{188CAB38-87AD-483D-B7FA-59CBBC4C31D0}"
EndProject
Project("{FAE04EC0-301F-11D3-BF4B-00C04F79EFBC}") = "Day08", "Day08\Day08.csproj", "{D3A249EB-0C28-47F5-9DF3-D1406EA2C25B}"
EndProject
Project("{FAE04EC0-301F-11D3-BF4B-00C04F79EFBC}") = "Day08.Tests", "Day08.Tests\Day08.Tests.csproj", "{9205EB3E-6943-47CD-A127-F4004990A708}"
EndProject
Project("{FAE04EC0-301F-11D3-BF4B-00C04F79EFBC}") = "Day04", "Day04\Day04\Day04.csproj", "{591666DC-D1C2-DE28-FC92-45F2ACB845D0}"
EndProject
Project("{FAE04EC0-301F-11D3-BF4B-00C04F79EFBC}") = "Day04.Tests", "Day04\Day04Tests\Day04.Tests.csproj", "{7C8EBC73-B18C-D722-06D7-8DFF81352881}"
EndProject
Project("{FAE04EC0-301F-11D3-BF4B-00C04F79EFBC}") = "Day05", "Day05\Day05\Day05.csproj", "{43A7FFA4-C5AE-1738-1852-95A7E4D773CA}"
EndProject
Project("{FAE04EC0-301F-11D3-BF4B-00C04F79EFBC}") = "Day05.Tests", "Day05\Day05Tests\Day05.Tests.csproj", "{22E58886-B1B1-FD92-BCB2-0D8898BE7304}"
EndProject
Global
	GlobalSection(SolutionConfigurationPlatforms) = preSolution
		Debug|Any CPU = Debug|Any CPU
		Release|Any CPU = Release|Any CPU
	EndGlobalSection
	GlobalSection(ProjectConfigurationPlatforms) = postSolution
		{188CAB38-87AD-483D-B7FA-59CBBC4C31D0}.Debug|Any CPU.ActiveCfg = Debug|Any CPU
		{188CAB38-87AD-483D-B7FA-59CBBC4C31D0}.Debug|Any CPU.Build.0 = Debug|Any CPU
		{188CAB38-87AD-483D-B7FA-59CBBC4C31D0}.Release|Any CPU.ActiveCfg = Release|Any CPU
		{188CAB38-87AD-483D-B7FA-59CBBC4C31D0}.Release|Any CPU.Build.0 = Release|Any CPU
		{D3A249EB-0C28-47F5-9DF3-D1406EA2C25B}.Debug|Any CPU.ActiveCfg = Debug|Any CPU
		{D3A249EB-0C28-47F5-9DF3-D1406EA2C25B}.Debug|Any CPU.Build.0 = Debug|Any CPU
		{D3A249EB-0C28-47F5-9DF3-D1406EA2C25B}.Release|Any CPU.ActiveCfg = Release|Any CPU
		{D3A249EB-0C28-47F5-9DF3-D1406EA2C25B}.Release|Any CPU.Build.0 = Release|Any CPU
		{9205EB3E-6943-47CD-A127-F4004990A708}.Debug|Any CPU.ActiveCfg = Debug|Any CPU
		{9205EB3E-6943-47CD-A127-F4004990A708}.Debug|Any CPU.Build.0 = Debug|Any CPU
		{9205EB3E-6943-47CD-A127-F4004990A708}.Release|Any CPU.ActiveCfg = Release|Any CPU
		{9205EB3E-6943-47CD-A127-F4004990A708}.Release|Any CPU.Build.0 = Release|Any CPU
		{591666DC-D1C2-DE28-FC92-45F2ACB845D0}.Debug|Any CPU.ActiveCfg = Debug|Any CPU
		{591666DC-D1C2-DE28-FC92-45F2ACB845D0}.Debug|Any CPU.Build.0 = Debug|Any CPU
		{591666DC-D1C2-DE28-FC92-45F2ACB845D0}.Release|Any CPU.ActiveCfg = Release|Any CPU
		{591666DC-D1C2-DE28-FC92-45F2ACB845D0}.Release|Any CPU.Build.0 = Release|Any CPU
		{7C8EBC73-B18C-D722-06D7-8DFF81352881}.Debug|Any CPU.ActiveCfg = Debug|Any CPU
		{7C8EBC73-B18C-D722-06D7-8DFF81352881}.Debug|Any CPU.Build.0 = Debug|Any CPU
		{7C8EBC73-B18C-D722-06D7-8DFF81352881}.Release|Any CPU.ActiveCfg = Release|Any CPU
		{7C8EBC73-B18C-D722-06D7-8DFF81352881}.Release|Any CPU.Build.0 = Release|Any CPU
		{43A7FFA4-C5AE-1738-1852-95A7E4D773CA}.Debug|Any CPU.ActiveCfg = Debug|Any CPU
		{43A7FFA4-C5AE-1738-1852-95A7E4D773CA}.Debug|Any CPU.Build.0 = Debug|Any CPU
		{43A7FFA4-C5AE-1738-1852-95A7E4D773CA}.Release|Any CPU.ActiveCfg = Release|Any CPU
		{43A7FFA4-C5AE-1738-1852-95A7E4D773CA}.Release|Any CPU.Build.0 = Release|Any CPU
		{22E58886-B1B1-FD92-BCB2-0D8898BE7304}.Debug|Any CPU.ActiveCfg = Debug|Any CPU
		{22E58886-B1B1-FD92-BCB2-0D8898BE7304}.Debug|Any CPU.Build.0 = Debug|Any CPU
		{22E58886-B1B1-FD92-BCB2-0D8898BE7304}.Release|Any CPU.ActiveCfg = Release|Any CPU
		{22E58886-B1B1-FD92-BCB2-0D8898BE7304}.Release|Any CPU.Build.0 = Release|Any CPU
	EndGlobalSection
	GlobalSection(SolutionProperties) = preSolution
		HideSolutionNode = FALSE
	EndGlobalSection
	GlobalSection(ExtensibilityGlobals) = postSolution
		SolutionGuid = {0C0CD095-559E-4A13-99C6-61D350BAFA35}
	EndGlobalSection
EndGlobal
